
Microsoft Visual Studio Solution File, Format Version 12.00
# Visual Studio Version 16
VisualStudioVersion = 16.0.31105.61
MinimumVisualStudioVersion = 10.0.40219.1
Project("{FAE04EC0-301F-11D3-BF4B-00C04F79EFBC}") = "Generics", "Generics.csproj", "{A18FEACC-D826-4C0C-A7DF-2C3FDBC0BEEC}"
EndProject
Global
	GlobalSection(SolutionConfigurationPlatforms) = preSolution
		Debug|Any CPU = Debug|Any CPU
		Release|Any CPU = Release|Any CPU
	EndGlobalSection
	GlobalSection(ProjectConfigurationPlatforms) = postSolution
		{A18FEACC-D826-4C0C-A7DF-2C3FDBC0BEEC}.Debug|Any CPU.ActiveCfg = Debug|Any CPU
		{A18FEACC-D826-4C0C-A7DF-2C3FDBC0BEEC}.Debug|Any CPU.Build.0 = Debug|Any CPU
		{A18FEACC-D826-4C0C-A7DF-2C3FDBC0BEEC}.Release|Any CPU.ActiveCfg = Release|Any CPU
		{A18FEACC-D826-4C0C-A7DF-2C3FDBC0BEEC}.Release|Any CPU.Build.0 = Release|Any CPU
	EndGlobalSection
	GlobalSection(SolutionProperties) = preSolution
		HideSolutionNode = FALSE
	EndGlobalSection
	GlobalSection(ExtensibilityGlobals) = postSolution
		SolutionGuid = {FB20D71E-20A7-4208-8E56-275BDE698AB1}
	EndGlobalSection
EndGlobal
