
Microsoft Visual Studio Solution File, Format Version 12.00
# Visual Studio Version 16
VisualStudioVersion = 16.0.31105.61
MinimumVisualStudioVersion = 10.0.40219.1
Project("{FAE04EC0-301F-11D3-BF4B-00C04F79EFBC}") = "GamerManagementSystem", "GamerManagementSystem.csproj", "{FCCB02DC-6468-44D7-B260-2257F57E36D4}"
EndProject
Global
	GlobalSection(SolutionConfigurationPlatforms) = preSolution
		Debug|Any CPU = Debug|Any CPU
		Release|Any CPU = Release|Any CPU
	EndGlobalSection
	GlobalSection(ProjectConfigurationPlatforms) = postSolution
		{FCCB02DC-6468-44D7-B260-2257F57E36D4}.Debug|Any CPU.ActiveCfg = Debug|Any CPU
		{FCCB02DC-6468-44D7-B260-2257F57E36D4}.Debug|Any CPU.Build.0 = Debug|Any CPU
		{FCCB02DC-6468-44D7-B260-2257F57E36D4}.Release|Any CPU.ActiveCfg = Release|Any CPU
		{FCCB02DC-6468-44D7-B260-2257F57E36D4}.Release|Any CPU.Build.0 = Release|Any CPU
	EndGlobalSection
	GlobalSection(SolutionProperties) = preSolution
		HideSolutionNode = FALSE
	EndGlobalSection
	GlobalSection(ExtensibilityGlobals) = postSolution
		SolutionGuid = {7E2AD172-E07A-420D-BB36-ADA0698381DA}
	EndGlobalSection
EndGlobal
