
Microsoft Visual Studio Solution File, Format Version 12.00
# Visual Studio Version 16
VisualStudioVersion = 16.0.31105.61
MinimumVisualStudioVersion = 10.0.40219.1
Project("{FAE04EC0-301F-11D3-BF4B-00C04F79EFBC}") = "Dictionary_Introduction", "Dictionary_Introduction.csproj", "{88AEE7BA-48FE-4465-BEF1-9B6438E30F58}"
EndProject
Global
	GlobalSection(SolutionConfigurationPlatforms) = preSolution
		Debug|Any CPU = Debug|Any CPU
		Release|Any CPU = Release|Any CPU
	EndGlobalSection
	GlobalSection(ProjectConfigurationPlatforms) = postSolution
		{88AEE7BA-48FE-4465-BEF1-9B6438E30F58}.Debug|Any CPU.ActiveCfg = Debug|Any CPU
		{88AEE7BA-48FE-4465-BEF1-9B6438E30F58}.Debug|Any CPU.Build.0 = Debug|Any CPU
		{88AEE7BA-48FE-4465-BEF1-9B6438E30F58}.Release|Any CPU.ActiveCfg = Release|Any CPU
		{88AEE7BA-48FE-4465-BEF1-9B6438E30F58}.Release|Any CPU.Build.0 = Release|Any CPU
	EndGlobalSection
	GlobalSection(SolutionProperties) = preSolution
		HideSolutionNode = FALSE
	EndGlobalSection
	GlobalSection(ExtensibilityGlobals) = postSolution
		SolutionGuid = {E6387346-E374-4E59-983A-BD8E53A881B8}
	EndGlobalSection
EndGlobal
